
Microsoft Visual Studio Solution File, Format Version 12.00
# Visual Studio Version 17
VisualStudioVersion = 17.5.33103.201
MinimumVisualStudioVersion = 10.0.40219.1
Project("{9A19103F-16F7-4668-BE54-9A1E7A4F7556}") = "Week.06.LambdaExpressions", "LambdaExpressions\Week.06.LambdaExpressions.csproj", "{A7BF356E-723F-4B84-A334-047B1B93AC76}"
EndProject
Project("{FAE04EC0-301F-11D3-BF4B-00C04F79EFBC}") = "Week.07.LINQ", "LINQ\Week.07.LINQ.csproj", "{7DB68B65-AE84-45EA-8C46-234D7485A804}"
EndProject
Global
	GlobalSection(SolutionConfigurationPlatforms) = preSolution
		Debug|Any CPU = Debug|Any CPU
		Release|Any CPU = Release|Any CPU
	EndGlobalSection
	GlobalSection(ProjectConfigurationPlatforms) = postSolution
		{A7BF356E-723F-4B84-A334-047B1B93AC76}.Debug|Any CPU.ActiveCfg = Debug|Any CPU
		{A7BF356E-723F-4B84-A334-047B1B93AC76}.Debug|Any CPU.Build.0 = Debug|Any CPU
		{A7BF356E-723F-4B84-A334-047B1B93AC76}.Release|Any CPU.ActiveCfg = Release|Any CPU
		{A7BF356E-723F-4B84-A334-047B1B93AC76}.Release|Any CPU.Build.0 = Release|Any CPU
		{7DB68B65-AE84-45EA-8C46-234D7485A804}.Debug|Any CPU.ActiveCfg = Debug|Any CPU
		{7DB68B65-AE84-45EA-8C46-234D7485A804}.Debug|Any CPU.Build.0 = Debug|Any CPU
		{7DB68B65-AE84-45EA-8C46-234D7485A804}.Release|Any CPU.ActiveCfg = Release|Any CPU
		{7DB68B65-AE84-45EA-8C46-234D7485A804}.Release|Any CPU.Build.0 = Release|Any CPU
	EndGlobalSection
	GlobalSection(SolutionProperties) = preSolution
		HideSolutionNode = FALSE
	EndGlobalSection
	GlobalSection(ExtensibilityGlobals) = postSolution
		SolutionGuid = {670B4F50-C791-4B92-827C-665297532EAA}
	EndGlobalSection
EndGlobal
